{
  "name": "kb",
  "lockfileVersion": 2,
  "requires": true,
  "packages": {
    "": {
      "dependencies": {
        "simple-keyboard": "^3.4.110"
      }
    },
    "node_modules/simple-keyboard": {
      "version": "3.4.110",
      "resolved": "https://registry.npmjs.org/simple-keyboard/-/simple-keyboard-3.4.110.tgz",
      "integrity": "sha512-qZWWIjP123uWOtcat8eGUT6PtC104zhEudQaYlcspr9JcWFGcS8m7hjmTl8vRl4MCTeRyVRRMy3pJO7GV9Ov4w=="
    }
  },
  "dependencies": {
    "simple-keyboard": {
      "version": "3.4.110",
      "resolved": "https://registry.npmjs.org/simple-keyboard/-/simple-keyboard-3.4.110.tgz",
      "integrity": "sha512-qZWWIjP123uWOtcat8eGUT6PtC104zhEudQaYlcspr9JcWFGcS8m7hjmTl8vRl4MCTeRyVRRMy3pJO7GV9Ov4w=="
    }
  }
}
